
Microsoft Visual Studio Solution File, Format Version 12.00
# Visual Studio Version 16
VisualStudioVersion = 16.0.31729.503
MinimumVisualStudioVersion = 10.0.40219.1
Project("{FAE04EC0-301F-11D3-BF4B-00C04F79EFBC}") = "WebApiApp", "WebApiApp\WebApiApp.csproj", "{ECCB4E03-404E-4BB7-BC06-53A727A635FF}"
EndProject
Global
	GlobalSection(SolutionConfigurationPlatforms) = preSolution
		Debug|Any CPU = Debug|Any CPU
		Release|Any CPU = Release|Any CPU
	EndGlobalSection
	GlobalSection(ProjectConfigurationPlatforms) = postSolution
		{ECCB4E03-404E-4BB7-BC06-53A727A635FF}.Debug|Any CPU.ActiveCfg = Debug|Any CPU
		{ECCB4E03-404E-4BB7-BC06-53A727A635FF}.Debug|Any CPU.Build.0 = Debug|Any CPU
		{ECCB4E03-404E-4BB7-BC06-53A727A635FF}.Release|Any CPU.ActiveCfg = Release|Any CPU
		{ECCB4E03-404E-4BB7-BC06-53A727A635FF}.Release|Any CPU.Build.0 = Release|Any CPU
	EndGlobalSection
	GlobalSection(SolutionProperties) = preSolution
		HideSolutionNode = FALSE
	EndGlobalSection
	GlobalSection(ExtensibilityGlobals) = postSolution
		SolutionGuid = {BB1889F0-8012-4F3C-91E3-D37C7A40280F}
	EndGlobalSection
EndGlobal
